// !$*UTF8*$!
{
	archiveVersion = 1;
	classes = {
	};
	objectVersion = 77;
	objects = {

/* Begin PBXBuildFile section */
		064EF823A8303BAEC003322F /* SightlineReaderApp.swift in Sources */ = {isa = PBXBuildFile; fileRef = 6163A825F5D94BC41914F9C5 /* SightlineReaderApp.swift */; };
		0AB750C81E07BA0E8B02AC42 /* ExplanationEngineTests.swift in Sources */ = {isa = PBXBuildFile; fileRef = B5A8198786BAF998044620F1 /* ExplanationEngineTests.swift */; };
		0E04BD25B94F4765507B07D8 /* ContentView.swift in Sources */ = {isa = PBXBuildFile; fileRef = C117A388347C99B026EFF9D9 /* ContentView.swift */; };
		0F0D3A21F0B2A6C016AD1FF5 /* ExplanationEngine.swift in Sources */ = {isa = PBXBuildFile; fileRef = 457EC4FE3523B3A43B43BAFF /* ExplanationEngine.swift */; };
		1EFE9F08FD8CD93B9D9E0159 /* ProcessingView.swift in Sources */ = {isa = PBXBuildFile; fileRef = 4326E0C99723EB1472D0E8CF /* ProcessingView.swift */; };
		1F909F3EF8CA58A2F4A5A2D1 /* PreviewPane.swift in Sources */ = {isa = PBXBuildFile; fileRef = 6E0EFA44203127A45EC61FFC /* PreviewPane.swift */; };
		24BE36035C7D5F84319BA7BD /* LayoutAnalyzer.swift in Sources */ = {isa = PBXBuildFile; fileRef = 4C45443AB50A19A2E5ADD4CF /* LayoutAnalyzer.swift */; };
		3151553EC1A93AA262D6BCD6 /* BatchImportQueueTests.swift in Sources */ = {isa = PBXBuildFile; fileRef = FCB55AD379ACAA0E4EA0CC62 /* BatchImportQueueTests.swift */; };
		342C960018759B657D3993AD /* LayoutAnalyzerTests.swift in Sources */ = {isa = PBXBuildFile; fileRef = D08ADD6A6673EC048709B826 /* LayoutAnalyzerTests.swift */; };
		48A4B14DDB80EFC9155E0336 /* DocumentStore.swift in Sources */ = {isa = PBXBuildFile; fileRef = E1D7CFBE6F4855ED45295037 /* DocumentStore.swift */; };
		4DE7BA546FFF26FE5B1D3A61 /* SettingsView.swift in Sources */ = {isa = PBXBuildFile; fileRef = 6573188A8FDB6EEF0A399F67 /* SettingsView.swift */; };
		548C5E49C7935F0ED8EA1907 /* AdvancedExportTests.swift in Sources */ = {isa = PBXBuildFile; fileRef = 27E9F00C7C6DE822737D2A72 /* AdvancedExportTests.swift */; };
		567783ADA62B31E272A280FA /* SightlineCore.framework in Embed Frameworks */ = {isa = PBXBuildFile; fileRef = 6B4320FD95B35E98BADADD2D /* SightlineCore.framework */; settings = {ATTRIBUTES = (CodeSignOnCopy, RemoveHeadersOnCopy, ); }; };
		67F150967C251D7DEA88EE64 /* DocumentEditingTests.swift in Sources */ = {isa = PBXBuildFile; fileRef = 78358D9BE5E728F5827D724F /* DocumentEditingTests.swift */; };
		7CB7A2DD207354AACAD8EE3E /* Models.swift in Sources */ = {isa = PBXBuildFile; fileRef = 186088238A56703B16E93046 /* Models.swift */; };
		88940FCEF9FF006056D0FF4F /* DocumentProcessorTests.swift in Sources */ = {isa = PBXBuildFile; fileRef = A68B01FA27DD1B447E1D11BB /* DocumentProcessorTests.swift */; };
		8DA6CC93C5689AF2560BEBB7 /* ScreenshotCaptureService.swift in Sources */ = {isa = PBXBuildFile; fileRef = 16D4AD454764E54678F72CE0 /* ScreenshotCaptureService.swift */; };
		997B006AD39B3D764DDBF634 /* SampleData.swift in Sources */ = {isa = PBXBuildFile; fileRef = 37EFF379609C6AA213A443D3 /* SampleData.swift */; };
		9D4563640B55E0815C690C3C /* DocumentEditing.swift in Sources */ = {isa = PBXBuildFile; fileRef = 233B5E11784C3BC40AF97323 /* DocumentEditing.swift */; };
		A134A1E482B471F396F13BBC /* ExportEngineTests.swift in Sources */ = {isa = PBXBuildFile; fileRef = 61091E00A99C49A8B85633B7 /* ExportEngineTests.swift */; };
		AB997667E252CF4E7086306F /* SightlineCore.framework in Frameworks */ = {isa = PBXBuildFile; fileRef = 6B4320FD95B35E98BADADD2D /* SightlineCore.framework */; };
		AFEB8392CCE0E2AD2BF672E1 /* ReviewView.swift in Sources */ = {isa = PBXBuildFile; fileRef = 0D1FB5B9D623C20C21FA3A73 /* ReviewView.swift */; };
		B1E0B2A7924823766DACCB12 /* BatchImportQueue.swift in Sources */ = {isa = PBXBuildFile; fileRef = 982D4B2EA56EECB3B5B3EF3D /* BatchImportQueue.swift */; };
		B975740D8F05179D83ED55B1 /* SpeechEngine.swift in Sources */ = {isa = PBXBuildFile; fileRef = A8557C8C951D0523E0AFBE1B /* SpeechEngine.swift */; };
		BDCCEB0416E34F9338473237 /* ExportEngine.swift in Sources */ = {isa = PBXBuildFile; fileRef = 3AD5B80510D5C2A4364C1D76 /* ExportEngine.swift */; };
		C81E4CA19DC434E015AB2E37 /* DocumentProcessor.swift in Sources */ = {isa = PBXBuildFile; fileRef = 6AD0399CB98EA536A1C587A6 /* DocumentProcessor.swift */; };
		CAFDB52C8D92DA0B3662A0CC /* SightlineCore.framework in Embed Frameworks */ = {isa = PBXBuildFile; fileRef = 6B4320FD95B35E98BADADD2D /* SightlineCore.framework */; settings = {ATTRIBUTES = (CodeSignOnCopy, RemoveHeadersOnCopy, ); }; };
		D0CA9B46CC6E778EE48DBC56 /* SummaryExportView.swift in Sources */ = {isa = PBXBuildFile; fileRef = 99369D74868D14A662BFF0CC /* SummaryExportView.swift */; };
		F72753EE5E025DB606241248 /* SidebarView.swift in Sources */ = {isa = PBXBuildFile; fileRef = 051BB5D47F8FB47946189679 /* SidebarView.swift */; };
		F73A3419355379B1960A8354 /* HomeView.swift in Sources */ = {isa = PBXBuildFile; fileRef = B5C7D70C8AD12E5CF0F25F64 /* HomeView.swift */; };
		F74122220378BA2F0C4AE177 /* SightlineCore.framework in Frameworks */ = {isa = PBXBuildFile; fileRef = 6B4320FD95B35E98BADADD2D /* SightlineCore.framework */; };
/* End PBXBuildFile section */

/* Begin PBXContainerItemProxy section */
		5B03DE51E5D9790212244578 /* PBXContainerItemProxy */ = {
			isa = PBXContainerItemProxy;
			containerPortal = CF4AE81689A39DBC166AFBB2 /* Project object */;
			proxyType = 1;
			remoteGlobalIDString = C7BFA3D74B1C0C72C61A0597;
			remoteInfo = SightlineCore;
		};
		C7136734ABA416DE61B6DF70 /* PBXContainerItemProxy */ = {
			isa = PBXContainerItemProxy;
			containerPortal = CF4AE81689A39DBC166AFBB2 /* Project object */;
			proxyType = 1;
			remoteGlobalIDString = C7BFA3D74B1C0C72C61A0597;
			remoteInfo = SightlineCore;
		};
/* End PBXContainerItemProxy section */

/* Begin PBXCopyFilesBuildPhase section */
		567BD8DC088E3481AF6D17F7 /* Embed Frameworks */ = {
			isa = PBXCopyFilesBuildPhase;
			buildActionMask = 2147483647;
			dstPath = "";
			dstSubfolderSpec = 10;
			files = (
				567783ADA62B31E272A280FA /* SightlineCore.framework in Embed Frameworks */,
			);
			name = "Embed Frameworks";
			runOnlyForDeploymentPostprocessing = 0;
		};
		6A0CD9FB51241862FF86F5C4 /* Embed Frameworks */ = {
			isa = PBXCopyFilesBuildPhase;
			buildActionMask = 2147483647;
			dstPath = "";
			dstSubfolderSpec = 10;
			files = (
				CAFDB52C8D92DA0B3662A0CC /* SightlineCore.framework in Embed Frameworks */,
			);
			name = "Embed Frameworks";
			runOnlyForDeploymentPostprocessing = 0;
		};
/* End PBXCopyFilesBuildPhase section */

/* Begin PBXFileReference section */
		051BB5D47F8FB47946189679 /* SidebarView.swift */ = {isa = PBXFileReference; lastKnownFileType = sourcecode.swift; path = SidebarView.swift; sourceTree = "<group>"; };
		0D1FB5B9D623C20C21FA3A73 /* ReviewView.swift */ = {isa = PBXFileReference; lastKnownFileType = sourcecode.swift; path = ReviewView.swift; sourceTree = "<group>"; };
		16D4AD454764E54678F72CE0 /* ScreenshotCaptureService.swift */ = {isa = PBXFileReference; lastKnownFileType = sourcecode.swift; path = ScreenshotCaptureService.swift; sourceTree = "<group>"; };
		186088238A56703B16E93046 /* Models.swift */ = {isa = PBXFileReference; lastKnownFileType = sourcecode.swift; path = Models.swift; sourceTree = "<group>"; };
		188099EFB7C96A693EB65067 /* SightlineCoreTests.xctest */ = {isa = PBXFileReference; explicitFileType = wrapper.cfbundle; includeInIndex = 0; path = SightlineCoreTests.xctest; sourceTree = BUILT_PRODUCTS_DIR; };
		233B5E11784C3BC40AF97323 /* DocumentEditing.swift */ = {isa = PBXFileReference; lastKnownFileType = sourcecode.swift; path = DocumentEditing.swift; sourceTree = "<group>"; };
		27E9F00C7C6DE822737D2A72 /* AdvancedExportTests.swift */ = {isa = PBXFileReference; lastKnownFileType = sourcecode.swift; path = AdvancedExportTests.swift; sourceTree = "<group>"; };
		37EFF379609C6AA213A443D3 /* SampleData.swift */ = {isa = PBXFileReference; lastKnownFileType = sourcecode.swift; path = SampleData.swift; sourceTree = "<group>"; };
		3AD5B80510D5C2A4364C1D76 /* ExportEngine.swift */ = {isa = PBXFileReference; lastKnownFileType = sourcecode.swift; path = ExportEngine.swift; sourceTree = "<group>"; };
		4326E0C99723EB1472D0E8CF /* ProcessingView.swift */ = {isa = PBXFileReference; lastKnownFileType = sourcecode.swift; path = ProcessingView.swift; sourceTree = "<group>"; };
		457EC4FE3523B3A43B43BAFF /* ExplanationEngine.swift */ = {isa = PBXFileReference; lastKnownFileType = sourcecode.swift; path = ExplanationEngine.swift; sourceTree = "<group>"; };
		4C45443AB50A19A2E5ADD4CF /* LayoutAnalyzer.swift */ = {isa = PBXFileReference; lastKnownFileType = sourcecode.swift; path = LayoutAnalyzer.swift; sourceTree = "<group>"; };
		61091E00A99C49A8B85633B7 /* ExportEngineTests.swift */ = {isa = PBXFileReference; lastKnownFileType = sourcecode.swift; path = ExportEngineTests.swift; sourceTree = "<group>"; };
		6163A825F5D94BC41914F9C5 /* SightlineReaderApp.swift */ = {isa = PBXFileReference; lastKnownFileType = sourcecode.swift; path = SightlineReaderApp.swift; sourceTree = "<group>"; };
		6573188A8FDB6EEF0A399F67 /* SettingsView.swift */ = {isa = PBXFileReference; lastKnownFileType = sourcecode.swift; path = SettingsView.swift; sourceTree = "<group>"; };
		6AD0399CB98EA536A1C587A6 /* DocumentProcessor.swift */ = {isa = PBXFileReference; lastKnownFileType = sourcecode.swift; path = DocumentProcessor.swift; sourceTree = "<group>"; };
		6B4320FD95B35E98BADADD2D /* SightlineCore.framework */ = {isa = PBXFileReference; explicitFileType = wrapper.framework; includeInIndex = 0; path = SightlineCore.framework; sourceTree = BUILT_PRODUCTS_DIR; };
		6E0EFA44203127A45EC61FFC /* PreviewPane.swift */ = {isa = PBXFileReference; lastKnownFileType = sourcecode.swift; path = PreviewPane.swift; sourceTree = "<group>"; };
		78358D9BE5E728F5827D724F /* DocumentEditingTests.swift */ = {isa = PBXFileReference; lastKnownFileType = sourcecode.swift; path = DocumentEditingTests.swift; sourceTree = "<group>"; };
		982D4B2EA56EECB3B5B3EF3D /* BatchImportQueue.swift */ = {isa = PBXFileReference; lastKnownFileType = sourcecode.swift; path = BatchImportQueue.swift; sourceTree = "<group>"; };
		99369D74868D14A662BFF0CC /* SummaryExportView.swift */ = {isa = PBXFileReference; lastKnownFileType = sourcecode.swift; path = SummaryExportView.swift; sourceTree = "<group>"; };
		A68B01FA27DD1B447E1D11BB /* DocumentProcessorTests.swift */ = {isa = PBXFileReference; lastKnownFileType = sourcecode.swift; path = DocumentProcessorTests.swift; sourceTree = "<group>"; };
		A8557C8C951D0523E0AFBE1B /* SpeechEngine.swift */ = {isa = PBXFileReference; lastKnownFileType = sourcecode.swift; path = SpeechEngine.swift; sourceTree = "<group>"; };
		B5A8198786BAF998044620F1 /* ExplanationEngineTests.swift */ = {isa = PBXFileReference; lastKnownFileType = sourcecode.swift; path = ExplanationEngineTests.swift; sourceTree = "<group>"; };
		B5C7D70C8AD12E5CF0F25F64 /* HomeView.swift */ = {isa = PBXFileReference; lastKnownFileType = sourcecode.swift; path = HomeView.swift; sourceTree = "<group>"; };
		C117A388347C99B026EFF9D9 /* ContentView.swift */ = {isa = PBXFileReference; lastKnownFileType = sourcecode.swift; path = ContentView.swift; sourceTree = "<group>"; };
		D08ADD6A6673EC048709B826 /* LayoutAnalyzerTests.swift */ = {isa = PBXFileReference; lastKnownFileType = sourcecode.swift; path = LayoutAnalyzerTests.swift; sourceTree = "<group>"; };
		E1D7CFBE6F4855ED45295037 /* DocumentStore.swift */ = {isa = PBXFileReference; lastKnownFileType = sourcecode.swift; path = DocumentStore.swift; sourceTree = "<group>"; };
		E8A0108D2BFC38DE49526E8C /* SightlineReader.app */ = {isa = PBXFileReference; explicitFileType = wrapper.application; includeInIndex = 0; path = SightlineReader.app; sourceTree = BUILT_PRODUCTS_DIR; };
		FCB55AD379ACAA0E4EA0CC62 /* BatchImportQueueTests.swift */ = {isa = PBXFileReference; lastKnownFileType = sourcecode.swift; path = BatchImportQueueTests.swift; sourceTree = "<group>"; };
/* End PBXFileReference section */

/* Begin PBXFrameworksBuildPhase section */
		8989DD46BC20146E60426EDA /* Frameworks */ = {
			isa = PBXFrameworksBuildPhase;
			buildActionMask = 2147483647;
			files = (
				F74122220378BA2F0C4AE177 /* SightlineCore.framework in Frameworks */,
			);
			runOnlyForDeploymentPostprocessing = 0;
		};
		F868070C018BB87764D754A9 /* Frameworks */ = {
			isa = PBXFrameworksBuildPhase;
			buildActionMask = 2147483647;
			files = (
				AB997667E252CF4E7086306F /* SightlineCore.framework in Frameworks */,
			);
			runOnlyForDeploymentPostprocessing = 0;
		};
/* End PBXFrameworksBuildPhase section */

/* Begin PBXGroup section */
		130ABC4F89F29A140825FBEB /* Tests */ = {
			isa = PBXGroup;
			children = (
				FD720E649DE717CFEBF54611 /* SightlineCoreTests */,
			);
			path = Tests;
			sourceTree = "<group>";
		};
		17D58F0CD1DDFD9485A68E04 /* Sources */ = {
			isa = PBXGroup;
			children = (
				A1D11422441DC76844F70351 /* SightlineCore */,
				B9C0C3A8C8C62A17C0E07347 /* SightlineReader */,
			);
			path = Sources;
			sourceTree = "<group>";
		};
		3E99F4DD04D19517CA044F12 /* Support */ = {
			isa = PBXGroup;
			children = (
				16D4AD454764E54678F72CE0 /* ScreenshotCaptureService.swift */,
				A8557C8C951D0523E0AFBE1B /* SpeechEngine.swift */,
			);
			path = Support;
			sourceTree = "<group>";
		};
		56AA7AC39FBCEE1A3A74A3B2 /* Views */ = {
			isa = PBXGroup;
			children = (
				C117A388347C99B026EFF9D9 /* ContentView.swift */,
				B5C7D70C8AD12E5CF0F25F64 /* HomeView.swift */,
				6E0EFA44203127A45EC61FFC /* PreviewPane.swift */,
				4326E0C99723EB1472D0E8CF /* ProcessingView.swift */,
				0D1FB5B9D623C20C21FA3A73 /* ReviewView.swift */,
				6573188A8FDB6EEF0A399F67 /* SettingsView.swift */,
				051BB5D47F8FB47946189679 /* SidebarView.swift */,
				99369D74868D14A662BFF0CC /* SummaryExportView.swift */,
			);
			path = Views;
			sourceTree = "<group>";
		};
		579607021E3A004C56CCAF82 = {
			isa = PBXGroup;
			children = (
				17D58F0CD1DDFD9485A68E04 /* Sources */,
				130ABC4F89F29A140825FBEB /* Tests */,
				A33572BA4217C31FDE5EADE1 /* Products */,
			);
			sourceTree = "<group>";
		};
		9354FB91D98D5413DF615159 /* App */ = {
			isa = PBXGroup;
			children = (
				E1D7CFBE6F4855ED45295037 /* DocumentStore.swift */,
				6163A825F5D94BC41914F9C5 /* SightlineReaderApp.swift */,
			);
			path = App;
			sourceTree = "<group>";
		};
		A1D11422441DC76844F70351 /* SightlineCore */ = {
			isa = PBXGroup;
			children = (
				982D4B2EA56EECB3B5B3EF3D /* BatchImportQueue.swift */,
				233B5E11784C3BC40AF97323 /* DocumentEditing.swift */,
				6AD0399CB98EA536A1C587A6 /* DocumentProcessor.swift */,
				457EC4FE3523B3A43B43BAFF /* ExplanationEngine.swift */,
				3AD5B80510D5C2A4364C1D76 /* ExportEngine.swift */,
				4C45443AB50A19A2E5ADD4CF /* LayoutAnalyzer.swift */,
				186088238A56703B16E93046 /* Models.swift */,
				37EFF379609C6AA213A443D3 /* SampleData.swift */,
			);
			path = SightlineCore;
			sourceTree = "<group>";
		};
		A33572BA4217C31FDE5EADE1 /* Products */ = {
			isa = PBXGroup;
			children = (
				6B4320FD95B35E98BADADD2D /* SightlineCore.framework */,
				188099EFB7C96A693EB65067 /* SightlineCoreTests.xctest */,
				E8A0108D2BFC38DE49526E8C /* SightlineReader.app */,
			);
			name = Products;
			sourceTree = "<group>";
		};
		B9C0C3A8C8C62A17C0E07347 /* SightlineReader */ = {
			isa = PBXGroup;
			children = (
				9354FB91D98D5413DF615159 /* App */,
				3E99F4DD04D19517CA044F12 /* Support */,
				56AA7AC39FBCEE1A3A74A3B2 /* Views */,
			);
			path = SightlineReader;
			sourceTree = "<group>";
		};
		FD720E649DE717CFEBF54611 /* SightlineCoreTests */ = {
			isa = PBXGroup;
			children = (
				27E9F00C7C6DE822737D2A72 /* AdvancedExportTests.swift */,
				FCB55AD379ACAA0E4EA0CC62 /* BatchImportQueueTests.swift */,
				78358D9BE5E728F5827D724F /* DocumentEditingTests.swift */,
				A68B01FA27DD1B447E1D11BB /* DocumentProcessorTests.swift */,
				B5A8198786BAF998044620F1 /* ExplanationEngineTests.swift */,
				61091E00A99C49A8B85633B7 /* ExportEngineTests.swift */,
				D08ADD6A6673EC048709B826 /* LayoutAnalyzerTests.swift */,
			);
			path = SightlineCoreTests;
			sourceTree = "<group>";
		};
/* End PBXGroup section */

/* Begin PBXNativeTarget section */
		C6CE9FF7BAFE714426886C42 /* SightlineCoreTests */ = {
			isa = PBXNativeTarget;
			buildConfigurationList = C2CD7A7918A2A98542F315F7 /* Build configuration list for PBXNativeTarget "SightlineCoreTests" */;
			buildPhases = (
				E98635B5E84BCAE4DF596FC2 /* Sources */,
				F868070C018BB87764D754A9 /* Frameworks */,
				567BD8DC088E3481AF6D17F7 /* Embed Frameworks */,
			);
			buildRules = (
			);
			dependencies = (
				8CFA36FA6A8A9809AC2D3E1C /* PBXTargetDependency */,
			);
			name = SightlineCoreTests;
			packageProductDependencies = (
			);
			productName = SightlineCoreTests;
			productReference = 188099EFB7C96A693EB65067 /* SightlineCoreTests.xctest */;
			productType = "com.apple.product-type.bundle.unit-test";
		};
		C7BFA3D74B1C0C72C61A0597 /* SightlineCore */ = {
			isa = PBXNativeTarget;
			buildConfigurationList = 597A8BA57E5456863F2A3649 /* Build configuration list for PBXNativeTarget "SightlineCore" */;
			buildPhases = (
				DA9A361847CAEA6173C40C68 /* Sources */,
			);
			buildRules = (
			);
			dependencies = (
			);
			name = SightlineCore;
			packageProductDependencies = (
			);
			productName = SightlineCore;
			productReference = 6B4320FD95B35E98BADADD2D /* SightlineCore.framework */;
			productType = "com.apple.product-type.framework";
		};
		E18E968BF4FB7229EA9883AD /* SightlineReader */ = {
			isa = PBXNativeTarget;
			buildConfigurationList = D217C62158D0490494C446D1 /* Build configuration list for PBXNativeTarget "SightlineReader" */;
			buildPhases = (
				B45ABE70FB296DCBF41E8F26 /* Sources */,
				8989DD46BC20146E60426EDA /* Frameworks */,
				6A0CD9FB51241862FF86F5C4 /* Embed Frameworks */,
			);
			buildRules = (
			);
			dependencies = (
				8EDA5D0BDCC55EA5C2D6603C /* PBXTargetDependency */,
			);
			name = SightlineReader;
			packageProductDependencies = (
			);
			productName = SightlineReader;
			productReference = E8A0108D2BFC38DE49526E8C /* SightlineReader.app */;
			productType = "com.apple.product-type.application";
		};
/* End PBXNativeTarget section */

/* Begin PBXProject section */
		CF4AE81689A39DBC166AFBB2 /* Project object */ = {
			isa = PBXProject;
			attributes = {
				BuildIndependentTargetsInParallel = YES;
				LastUpgradeCheck = 1430;
				TargetAttributes = {
					C6CE9FF7BAFE714426886C42 = {
						ProvisioningStyle = Automatic;
					};
					C7BFA3D74B1C0C72C61A0597 = {
						ProvisioningStyle = Automatic;
					};
					E18E968BF4FB7229EA9883AD = {
						ProvisioningStyle = Automatic;
					};
				};
			};
			buildConfigurationList = 94FB6717F741895E273B0370 /* Build configuration list for PBXProject "PageLumen" */;
			developmentRegion = en;
			hasScannedForEncodings = 0;
			knownRegions = (
				Base,
				en,
			);
			mainGroup = 579607021E3A004C56CCAF82;
			minimizedProjectReferenceProxies = 1;
			preferredProjectObjectVersion = 77;
			productRefGroup = A33572BA4217C31FDE5EADE1 /* Products */;
			projectDirPath = "";
			projectRoot = "";
			targets = (
				C7BFA3D74B1C0C72C61A0597 /* SightlineCore */,
				C6CE9FF7BAFE714426886C42 /* SightlineCoreTests */,
				E18E968BF4FB7229EA9883AD /* SightlineReader */,
			);
		};
/* End PBXProject section */

/* Begin PBXSourcesBuildPhase section */
		B45ABE70FB296DCBF41E8F26 /* Sources */ = {
			isa = PBXSourcesBuildPhase;
			buildActionMask = 2147483647;
			files = (
				0E04BD25B94F4765507B07D8 /* ContentView.swift in Sources */,
				48A4B14DDB80EFC9155E0336 /* DocumentStore.swift in Sources */,
				F73A3419355379B1960A8354 /* HomeView.swift in Sources */,
				1F909F3EF8CA58A2F4A5A2D1 /* PreviewPane.swift in Sources */,
				1EFE9F08FD8CD93B9D9E0159 /* ProcessingView.swift in Sources */,
				AFEB8392CCE0E2AD2BF672E1 /* ReviewView.swift in Sources */,
				8DA6CC93C5689AF2560BEBB7 /* ScreenshotCaptureService.swift in Sources */,
				4DE7BA546FFF26FE5B1D3A61 /* SettingsView.swift in Sources */,
				F72753EE5E025DB606241248 /* SidebarView.swift in Sources */,
				064EF823A8303BAEC003322F /* SightlineReaderApp.swift in Sources */,
				B975740D8F05179D83ED55B1 /* SpeechEngine.swift in Sources */,
				D0CA9B46CC6E778EE48DBC56 /* SummaryExportView.swift in Sources */,
			);
			runOnlyForDeploymentPostprocessing = 0;
		};
		DA9A361847CAEA6173C40C68 /* Sources */ = {
			isa = PBXSourcesBuildPhase;
			buildActionMask = 2147483647;
			files = (
				B1E0B2A7924823766DACCB12 /* BatchImportQueue.swift in Sources */,
				9D4563640B55E0815C690C3C /* DocumentEditing.swift in Sources */,
				C81E4CA19DC434E015AB2E37 /* DocumentProcessor.swift in Sources */,
				0F0D3A21F0B2A6C016AD1FF5 /* ExplanationEngine.swift in Sources */,
				BDCCEB0416E34F9338473237 /* ExportEngine.swift in Sources */,
				24BE36035C7D5F84319BA7BD /* LayoutAnalyzer.swift in Sources */,
				7CB7A2DD207354AACAD8EE3E /* Models.swift in Sources */,
				997B006AD39B3D764DDBF634 /* SampleData.swift in Sources */,
			);
			runOnlyForDeploymentPostprocessing = 0;
		};
		E98635B5E84BCAE4DF596FC2 /* Sources */ = {
			isa = PBXSourcesBuildPhase;
			buildActionMask = 2147483647;
			files = (
				548C5E49C7935F0ED8EA1907 /* AdvancedExportTests.swift in Sources */,
				3151553EC1A93AA262D6BCD6 /* BatchImportQueueTests.swift in Sources */,
				67F150967C251D7DEA88EE64 /* DocumentEditingTests.swift in Sources */,
				88940FCEF9FF006056D0FF4F /* DocumentProcessorTests.swift in Sources */,
				0AB750C81E07BA0E8B02AC42 /* ExplanationEngineTests.swift in Sources */,
				A134A1E482B471F396F13BBC /* ExportEngineTests.swift in Sources */,
				342C960018759B657D3993AD /* LayoutAnalyzerTests.swift in Sources */,
			);
			runOnlyForDeploymentPostprocessing = 0;
		};
/* End PBXSourcesBuildPhase section */

/* Begin PBXTargetDependency section */
		8CFA36FA6A8A9809AC2D3E1C /* PBXTargetDependency */ = {
			isa = PBXTargetDependency;
			target = C7BFA3D74B1C0C72C61A0597 /* SightlineCore */;
			targetProxy = C7136734ABA416DE61B6DF70 /* PBXContainerItemProxy */;
		};
		8EDA5D0BDCC55EA5C2D6603C /* PBXTargetDependency */ = {
			isa = PBXTargetDependency;
			target = C7BFA3D74B1C0C72C61A0597 /* SightlineCore */;
			targetProxy = 5B03DE51E5D9790212244578 /* PBXContainerItemProxy */;
		};
/* End PBXTargetDependency section */

/* Begin XCBuildConfiguration section */
		01BFF2B5070F93D0622AD455 /* Release */ = {
			isa = XCBuildConfiguration;
			buildSettings = {
				ASSETCATALOG_COMPILER_APPICON_NAME = AppIcon;
				COMBINE_HIDPI_IMAGES = YES;
				INFOPLIST_FILE = "generated/SightlineReader-Info.plist";
				INFOPLIST_KEY_LSMinimumSystemVersion = 14.0;
				LD_RUNPATH_SEARCH_PATHS = (
					"$(inherited)",
					"@executable_path/../Frameworks",
				);
				PRODUCT_BUNDLE_IDENTIFIER = com.pagelumen.SightlineReader;
				PRODUCT_NAME = SightlineReader;
				SDKROOT = macosx;
			};
			name = Release;
		};
		34354AA94CDD151A7BA98E0B /* Debug */ = {
			isa = XCBuildConfiguration;
			buildSettings = {
				ALWAYS_SEARCH_USER_PATHS = NO;
				CLANG_ANALYZER_NONNULL = YES;
				CLANG_ANALYZER_NUMBER_OBJECT_CONVERSION = YES_AGGRESSIVE;
				CLANG_CXX_LANGUAGE_STANDARD = "gnu++14";
				CLANG_CXX_LIBRARY = "libc++";
				CLANG_ENABLE_MODULES = YES;
				CLANG_ENABLE_OBJC_ARC = YES;
				CLANG_ENABLE_OBJC_WEAK = YES;
				CLANG_WARN_BLOCK_CAPTURE_AUTORELEASING = YES;
				CLANG_WARN_BOOL_CONVERSION = YES;
				CLANG_WARN_COMMA = YES;
				CLANG_WARN_CONSTANT_CONVERSION = YES;
				CLANG_WARN_DEPRECATED_OBJC_IMPLEMENTATIONS = YES;
				CLANG_WARN_DIRECT_OBJC_ISA_USAGE = YES_ERROR;
				CLANG_WARN_DOCUMENTATION_COMMENTS = YES;
				CLANG_WARN_EMPTY_BODY = YES;
				CLANG_WARN_ENUM_CONVERSION = YES;
				CLANG_WARN_INFINITE_RECURSION = YES;
				CLANG_WARN_INT_CONVERSION = YES;
				CLANG_WARN_NON_LITERAL_NULL_CONVERSION = YES;
				CLANG_WARN_OBJC_IMPLICIT_RETAIN_SELF = YES;
				CLANG_WARN_OBJC_LITERAL_CONVERSION = YES;
				CLANG_WARN_OBJC_ROOT_CLASS = YES_ERROR;
				CLANG_WARN_QUOTED_INCLUDE_IN_FRAMEWORK_HEADER = YES;
				CLANG_WARN_RANGE_LOOP_ANALYSIS = YES;
				CLANG_WARN_STRICT_PROTOTYPES = YES;
				CLANG_WARN_SUSPICIOUS_MOVE = YES;
				CLANG_WARN_UNGUARDED_AVAILABILITY = YES_AGGRESSIVE;
				CLANG_WARN_UNREACHABLE_CODE = YES;
				CLANG_WARN__DUPLICATE_METHOD_MATCH = YES;
				CODE_SIGN_STYLE = Automatic;
				COPY_PHASE_STRIP = NO;
				DEBUG_INFORMATION_FORMAT = dwarf;
				ENABLE_STRICT_OBJC_MSGSEND = YES;
				ENABLE_TESTABILITY = YES;
				GCC_C_LANGUAGE_STANDARD = gnu11;
				GCC_DYNAMIC_NO_PIC = NO;
				GCC_NO_COMMON_BLOCKS = YES;
				GCC_OPTIMIZATION_LEVEL = 0;
				GCC_PREPROCESSOR_DEFINITIONS = (
					"$(inherited)",
					"DEBUG=1",
				);
				GCC_WARN_64_TO_32_BIT_CONVERSION = YES;
				GCC_WARN_ABOUT_RETURN_TYPE = YES_ERROR;
				GCC_WARN_UNDECLARED_SELECTOR = YES;
				GCC_WARN_UNINITIALIZED_AUTOS = YES_AGGRESSIVE;
				GCC_WARN_UNUSED_FUNCTION = YES;
				GCC_WARN_UNUSED_VARIABLE = YES;
				MACOSX_DEPLOYMENT_TARGET = 14.0;
				MTL_ENABLE_DEBUG_INFO = INCLUDE_SOURCE;
				MTL_FAST_MATH = YES;
				ONLY_ACTIVE_ARCH = YES;
				PRODUCT_NAME = "$(TARGET_NAME)";
				SDKROOT = macosx;
				SWIFT_ACTIVE_COMPILATION_CONDITIONS = DEBUG;
				SWIFT_OPTIMIZATION_LEVEL = "-Onone";
				SWIFT_VERSION = 5.0;
			};
			name = Debug;
		};
		3DC324BBC1205B5795633B31 /* Release */ = {
			isa = XCBuildConfiguration;
			buildSettings = {
				CODE_SIGN_IDENTITY = "";
				COMBINE_HIDPI_IMAGES = YES;
				CURRENT_PROJECT_VERSION = 1;
				DEFINES_MODULE = YES;
				DYLIB_COMPATIBILITY_VERSION = 1;
				DYLIB_CURRENT_VERSION = 1;
				DYLIB_INSTALL_NAME_BASE = "@rpath";
				INFOPLIST_FILE = "generated/SightlineCore-Info.plist";
				INSTALL_PATH = "$(LOCAL_LIBRARY_DIR)/Frameworks";
				LD_RUNPATH_SEARCH_PATHS = (
					"$(inherited)",
					"@executable_path/../Frameworks",
				);
				PRODUCT_BUNDLE_IDENTIFIER = com.pagelumen.SightlineCore;
				SDKROOT = macosx;
				SKIP_INSTALL = YES;
				VERSIONING_SYSTEM = "apple-generic";
			};
			name = Release;
		};
		43FCEDBC6558FC4FC8E16E8C /* Debug */ = {
			isa = XCBuildConfiguration;
			buildSettings = {
				CODE_SIGN_IDENTITY = "";
				COMBINE_HIDPI_IMAGES = YES;
				CURRENT_PROJECT_VERSION = 1;
				DEFINES_MODULE = YES;
				DYLIB_COMPATIBILITY_VERSION = 1;
				DYLIB_CURRENT_VERSION = 1;
				DYLIB_INSTALL_NAME_BASE = "@rpath";
				INFOPLIST_FILE = "generated/SightlineCore-Info.plist";
				INSTALL_PATH = "$(LOCAL_LIBRARY_DIR)/Frameworks";
				LD_RUNPATH_SEARCH_PATHS = (
					"$(inherited)",
					"@executable_path/../Frameworks",
				);
				PRODUCT_BUNDLE_IDENTIFIER = com.pagelumen.SightlineCore;
				SDKROOT = macosx;
				SKIP_INSTALL = YES;
				VERSIONING_SYSTEM = "apple-generic";
			};
			name = Debug;
		};
		4BCAF689D3FB0046E4551256 /* Release */ = {
			isa = XCBuildConfiguration;
			buildSettings = {
				ALWAYS_SEARCH_USER_PATHS = NO;
				CLANG_ANALYZER_NONNULL = YES;
				CLANG_ANALYZER_NUMBER_OBJECT_CONVERSION = YES_AGGRESSIVE;
				CLANG_CXX_LANGUAGE_STANDARD = "gnu++14";
				CLANG_CXX_LIBRARY = "libc++";
				CLANG_ENABLE_MODULES = YES;
				CLANG_ENABLE_OBJC_ARC = YES;
				CLANG_ENABLE_OBJC_WEAK = YES;
				CLANG_WARN_BLOCK_CAPTURE_AUTORELEASING = YES;
				CLANG_WARN_BOOL_CONVERSION = YES;
				CLANG_WARN_COMMA = YES;
				CLANG_WARN_CONSTANT_CONVERSION = YES;
				CLANG_WARN_DEPRECATED_OBJC_IMPLEMENTATIONS = YES;
				CLANG_WARN_DIRECT_OBJC_ISA_USAGE = YES_ERROR;
				CLANG_WARN_DOCUMENTATION_COMMENTS = YES;
				CLANG_WARN_EMPTY_BODY = YES;
				CLANG_WARN_ENUM_CONVERSION = YES;
				CLANG_WARN_INFINITE_RECURSION = YES;
				CLANG_WARN_INT_CONVERSION = YES;
				CLANG_WARN_NON_LITERAL_NULL_CONVERSION = YES;
				CLANG_WARN_OBJC_IMPLICIT_RETAIN_SELF = YES;
				CLANG_WARN_OBJC_LITERAL_CONVERSION = YES;
				CLANG_WARN_OBJC_ROOT_CLASS = YES_ERROR;
				CLANG_WARN_QUOTED_INCLUDE_IN_FRAMEWORK_HEADER = YES;
				CLANG_WARN_RANGE_LOOP_ANALYSIS = YES;
				CLANG_WARN_STRICT_PROTOTYPES = YES;
				CLANG_WARN_SUSPICIOUS_MOVE = YES;
				CLANG_WARN_UNGUARDED_AVAILABILITY = YES_AGGRESSIVE;
				CLANG_WARN_UNREACHABLE_CODE = YES;
				CLANG_WARN__DUPLICATE_METHOD_MATCH = YES;
				CODE_SIGN_STYLE = Automatic;
				COPY_PHASE_STRIP = NO;
				DEBUG_INFORMATION_FORMAT = "dwarf-with-dsym";
				ENABLE_NS_ASSERTIONS = NO;
				ENABLE_STRICT_OBJC_MSGSEND = YES;
				GCC_C_LANGUAGE_STANDARD = gnu11;
				GCC_NO_COMMON_BLOCKS = YES;
				GCC_WARN_64_TO_32_BIT_CONVERSION = YES;
				GCC_WARN_ABOUT_RETURN_TYPE = YES_ERROR;
				GCC_WARN_UNDECLARED_SELECTOR = YES;
				GCC_WARN_UNINITIALIZED_AUTOS = YES_AGGRESSIVE;
				GCC_WARN_UNUSED_FUNCTION = YES;
				GCC_WARN_UNUSED_VARIABLE = YES;
				MACOSX_DEPLOYMENT_TARGET = 14.0;
				MTL_ENABLE_DEBUG_INFO = NO;
				MTL_FAST_MATH = YES;
				PRODUCT_NAME = "$(TARGET_NAME)";
				SDKROOT = macosx;
				SWIFT_COMPILATION_MODE = wholemodule;
				SWIFT_OPTIMIZATION_LEVEL = "-O";
				SWIFT_VERSION = 5.0;
			};
			name = Release;
		};
		835660725B3409AD1E36E075 /* Debug */ = {
			isa = XCBuildConfiguration;
			buildSettings = {
				ASSETCATALOG_COMPILER_APPICON_NAME = AppIcon;
				COMBINE_HIDPI_IMAGES = YES;
				INFOPLIST_FILE = "generated/SightlineReader-Info.plist";
				INFOPLIST_KEY_LSMinimumSystemVersion = 14.0;
				LD_RUNPATH_SEARCH_PATHS = (
					"$(inherited)",
					"@executable_path/../Frameworks",
				);
				PRODUCT_BUNDLE_IDENTIFIER = com.pagelumen.SightlineReader;
				PRODUCT_NAME = SightlineReader;
				SDKROOT = macosx;
			};
			name = Debug;
		};
		9FBC7C0BB3F2EBBAA81DEBEF /* Debug */ = {
			isa = XCBuildConfiguration;
			buildSettings = {
				BUNDLE_LOADER = "$(TEST_HOST)";
				COMBINE_HIDPI_IMAGES = YES;
				INFOPLIST_FILE = "generated/SightlineCoreTests-Info.plist";
				LD_RUNPATH_SEARCH_PATHS = (
					"$(inherited)",
					"@executable_path/../Frameworks",
					"@loader_path/../Frameworks",
				);
				PRODUCT_BUNDLE_IDENTIFIER = com.pagelumen.SightlineCoreTests;
				SDKROOT = macosx;
			};
			name = Debug;
		};
		CA175511CA9DE4487EBC5793 /* Release */ = {
			isa = XCBuildConfiguration;
			buildSettings = {
				BUNDLE_LOADER = "$(TEST_HOST)";
				COMBINE_HIDPI_IMAGES = YES;
				INFOPLIST_FILE = "generated/SightlineCoreTests-Info.plist";
				LD_RUNPATH_SEARCH_PATHS = (
					"$(inherited)",
					"@executable_path/../Frameworks",
					"@loader_path/../Frameworks",
				);
				PRODUCT_BUNDLE_IDENTIFIER = com.pagelumen.SightlineCoreTests;
				SDKROOT = macosx;
			};
			name = Release;
		};
/* End XCBuildConfiguration section */

/* Begin XCConfigurationList section */
		597A8BA57E5456863F2A3649 /* Build configuration list for PBXNativeTarget "SightlineCore" */ = {
			isa = XCConfigurationList;
			buildConfigurations = (
				43FCEDBC6558FC4FC8E16E8C /* Debug */,
				3DC324BBC1205B5795633B31 /* Release */,
			);
			defaultConfigurationIsVisible = 0;
			defaultConfigurationName = Debug;
		};
		94FB6717F741895E273B0370 /* Build configuration list for PBXProject "PageLumen" */ = {
			isa = XCConfigurationList;
			buildConfigurations = (
				34354AA94CDD151A7BA98E0B /* Debug */,
				4BCAF689D3FB0046E4551256 /* Release */,
			);
			defaultConfigurationIsVisible = 0;
			defaultConfigurationName = Debug;
		};
		C2CD7A7918A2A98542F315F7 /* Build configuration list for PBXNativeTarget "SightlineCoreTests" */ = {
			isa = XCConfigurationList;
			buildConfigurations = (
				9FBC7C0BB3F2EBBAA81DEBEF /* Debug */,
				CA175511CA9DE4487EBC5793 /* Release */,
			);
			defaultConfigurationIsVisible = 0;
			defaultConfigurationName = Debug;
		};
		D217C62158D0490494C446D1 /* Build configuration list for PBXNativeTarget "SightlineReader" */ = {
			isa = XCConfigurationList;
			buildConfigurations = (
				835660725B3409AD1E36E075 /* Debug */,
				01BFF2B5070F93D0622AD455 /* Release */,
			);
			defaultConfigurationIsVisible = 0;
			defaultConfigurationName = Debug;
		};
/* End XCConfigurationList section */
	};
	rootObject = CF4AE81689A39DBC166AFBB2 /* Project object */;
}
